
Microsoft Visual Studio Solution File, Format Version 12.00
# Visual Studio Version 17
VisualStudioVersion = 17.9.34607.119
MinimumVisualStudioVersion = 10.0.40219.1
Project("{FAE04EC0-301F-11D3-BF4B-00C04F79EFBC}") = "FirstConsoleApp", "FirstConsoleApp\FirstConsoleApp.csproj", "{DEF343CF-B34A-41F2-8B8F-62C8E90C0A78}"
EndProject
Project("{FAE04EC0-301F-11D3-BF4B-00C04F79EFBC}") = "SimpleCalculator", "SimpleCalculator\SimpleCalculator.csproj", "{814C9CB7-1D7C-47DE-A368-2822A8630BE8}"
EndProject
Project("{FAE04EC0-301F-11D3-BF4B-00C04F79EFBC}") = "ComputeLibrary", "ComputeLibrary\ComputeLibrary.csproj", "{5C0C3639-D9F9-4499-8D36-A59D2D8F0FC6}"
EndProject
Project("{2150E333-8FDC-42A3-9474-1A3956D46DE8}") = "My Simple Calculator", "My Simple Calculator", "{F7F80E05-D4BD-483D-AB9D-DBE060B505D8}"
EndProject
Project("{2150E333-8FDC-42A3-9474-1A3956D46DE8}") = "Presentation Layer", "Presentation Layer", "{795722CD-03AC-4A48-BCCC-1D3FF2B46FB8}"
EndProject
Project("{2150E333-8FDC-42A3-9474-1A3956D46DE8}") = "Business Layer", "Business Layer", "{83BE19A3-4613-451D-8A7D-213750EBF93B}"
EndProject
Project("{FAE04EC0-301F-11D3-BF4B-00C04F79EFBC}") = "CalculatorUI", "CalculatorUI\CalculatorUI.csproj", "{9757FD2D-5C9E-4DA6-96D1-A80A052AE9BE}"
EndProject
Project("{FAE04EC0-301F-11D3-BF4B-00C04F79EFBC}") = "OODemo", "DataTypesDemo\OODemo.csproj", "{9CDF666E-A047-470C-9BA1-8C35DDE772A5}"
EndProject
Project("{FAE04EC0-301F-11D3-BF4B-00C04F79EFBC}") = "TrainerTraineeApp", "TrainerTraineeApp\TrainerTraineeApp.csproj", "{3AD7BB23-A055-4225-A72E-503EE805B80C}"
EndProject
Project("{FAE04EC0-301F-11D3-BF4B-00C04F79EFBC}") = "CompanyOrders", "CompanyOrders\CompanyOrders.csproj", "{4854E879-03A6-455A-BC6F-AE78A7408A5B}"
EndProject
Project("{FAE04EC0-301F-11D3-BF4B-00C04F79EFBC}") = "SkillAssureTraining", "SkillAssureTrainingModel\SkillAssureTraining.csproj", "{9867AC8D-0DA5-4857-9186-92EDF323BA06}"
EndProject
Project("{FAE04EC0-301F-11D3-BF4B-00C04F79EFBC}") = "IdeLab", "IdeLab\IdeLab.csproj", "{C540B15B-11F5-423D-9C71-1969D0E0CE13}"
EndProject
Project("{FAE04EC0-301F-11D3-BF4B-00C04F79EFBC}") = "OOPCompanyLab", "OOPCompanyLab\OOPCompanyLab.csproj", "{CEE2DFB4-3278-46B7-BDEE-60DA6255A425}"
EndProject
Project("{FAE04EC0-301F-11D3-BF4B-00C04F79EFBC}") = "HospitalOOPLab", "HospitalOOPLab\HospitalOOPLab.csproj", "{386DF38E-A262-4C69-96EA-5753BADA16EF}"
EndProject
Project("{FAE04EC0-301F-11D3-BF4B-00C04F79EFBC}") = "OutstandingPersonOOPLab", "OutstandingPersonOOPLab\OutstandingPersonOOPLab.csproj", "{4906FED6-284F-4445-88CE-17957E10B43C}"
EndProject
Project("{FAE04EC0-301F-11D3-BF4B-00C04F79EFBC}") = "ExceptionsLab1", "ExceptionsLab1\ExceptionsLab1.csproj", "{57FE5DEA-61EE-466A-A67C-EC3CCD463B98}"
EndProject
Project("{FAE04EC0-301F-11D3-BF4B-00C04F79EFBC}") = "DelegatesDemo", "DelegatesDemo\DelegatesDemo.csproj", "{9776DC50-8415-413F-A44A-D9496DC3B00A}"
EndProject
Project("{2150E333-8FDC-42A3-9474-1A3956D46DE8}") = "Delegates", "Delegates", "{B2E15468-B2B7-434F-8484-84AE932E0100}"
EndProject
Project("{FAE04EC0-301F-11D3-BF4B-00C04F79EFBC}") = "DelegatesDemo2", "DelegatesDemo2\DelegatesDemo2.csproj", "{548A2FF4-B190-4A94-BC66-0927D527E44F}"
EndProject
Project("{FAE04EC0-301F-11D3-BF4B-00C04F79EFBC}") = "DelegatesDemo3", "DelegatesDemo3\DelegatesDemo3.csproj", "{87CE1A77-1D1F-4BB7-AE49-CDFF6624EF13}"
EndProject
Project("{2150E333-8FDC-42A3-9474-1A3956D46DE8}") = "File IO Demos", "File IO Demos", "{B370F81F-2040-423A-A293-C9151FADB33B}"
EndProject
Project("{FAE04EC0-301F-11D3-BF4B-00C04F79EFBC}") = "FileIODemo1", "FileIODemo1\FileIODemo1.csproj", "{7DE19ED6-006A-47BA-A04F-9CE971CA23E0}"
EndProject
Project("{2150E333-8FDC-42A3-9474-1A3956D46DE8}") = "Contacts Manager", "Contacts Manager", "{FD40B08F-9303-4830-95BE-4B2CF53BA0F0}"
EndProject
Project("{2150E333-8FDC-42A3-9474-1A3956D46DE8}") = "Presentation Layer", "Presentation Layer", "{29A62CD1-5F7A-47A5-995D-33A6FB316171}"
EndProject
Project("{2150E333-8FDC-42A3-9474-1A3956D46DE8}") = "Data Layer", "Data Layer", "{C7596ADD-1C02-492C-A200-42D3E62D6FF9}"
EndProject
Project("{2150E333-8FDC-42A3-9474-1A3956D46DE8}") = "Common Layer", "Common Layer", "{ECE746A6-785A-46BD-80E7-A25ABCF6F922}"
EndProject
Project("{FAE04EC0-301F-11D3-BF4B-00C04F79EFBC}") = "ContactManager.ConsoleApp", "ContactManager.ConsoleApp\ContactManager.ConsoleApp.csproj", "{F4CB6AB5-64FF-41C6-BF50-FA1C3507D302}"
EndProject
Project("{FAE04EC0-301F-11D3-BF4B-00C04F79EFBC}") = "ContactManager.Data", "ContactManager.Data\ContactManager.Data.csproj", "{9C6B6F62-9DC1-43B6-800A-0B7719DC2859}"
EndProject
Project("{FAE04EC0-301F-11D3-BF4B-00C04F79EFBC}") = "ContactManager.Common", "ContactManager.Common\ContactManager.Common.csproj", "{82B27129-4484-4F4F-99C2-61E29C2E00C7}"
EndProject
Project("{FAE04EC0-301F-11D3-BF4B-00C04F79EFBC}") = "DelegatesLab1", "DelegatesLab1\DelegatesLab1.csproj", "{707E3C9D-3352-4737-B902-43F0E3C76BFD}"
EndProject
Project("{FAE04EC0-301F-11D3-BF4B-00C04F79EFBC}") = "DelegatesLab2", "DelegatesLab2\DelegatesLab2.csproj", "{1DF35975-FAC4-49E2-B97D-1C3880265222}"
EndProject
Project("{FAE04EC0-301F-11D3-BF4B-00C04F79EFBC}") = "FileIODemo2", "FileIODemo2\FileIODemo2.csproj", "{4D746BFC-09E6-4135-9DE2-F263998AF7F1}"
EndProject
Project("{2150E333-8FDC-42A3-9474-1A3956D46DE8}") = "MultiThreading Demos", "MultiThreading Demos", "{FC172C37-6A69-4760-90D5-83D8F42B2271}"
EndProject
Project("{FAE04EC0-301F-11D3-BF4B-00C04F79EFBC}") = "MTDemo1", "MTDemo1\MTDemo1.csproj", "{375F541A-8B15-4C7A-A45B-52B9BE3C445E}"
EndProject
Project("{FAE04EC0-301F-11D3-BF4B-00C04F79EFBC}") = "MTDemo2", "MTDemo2\MTDemo2.csproj", "{BD4D1409-75AE-4A1C-9F7B-98AEE6F94818}"
EndProject
Project("{FAE04EC0-301F-11D3-BF4B-00C04F79EFBC}") = "WindowsFormsApp1", "WindowsFormsApp1\WindowsFormsApp1.csproj", "{AADD0421-FF06-4E1D-BB1B-6C837C247258}"
EndProject
Project("{FAE04EC0-301F-11D3-BF4B-00C04F79EFBC}") = "ImageRotator", "ImageRotator\ImageRotator.csproj", "{7219A1C6-8D89-4209-B525-4DBCC5E31A61}"
EndProject
Project("{FAE04EC0-301F-11D3-BF4B-00C04F79EFBC}") = "MTDemo3", "MTDemo3\MTDemo3.csproj", "{A70E544D-8F7C-4349-BAF2-CD88E4E7CA28}"
EndProject
Project("{FAE04EC0-301F-11D3-BF4B-00C04F79EFBC}") = "MultiThreadingLab1", "MultiThreadingLab1\MultiThreadingLab1.csproj", "{564AEAD8-6AF6-42A5-9EEB-5DF9F0B5B74A}"
EndProject
Project("{FAE04EC0-301F-11D3-BF4B-00C04F79EFBC}") = "SpellCheckerLab", "SpellCheckerApp\SpellCheckerLab.csproj", "{5DB65EBE-298D-4EAB-958A-954BD55F6038}"
EndProject
Project("{2150E333-8FDC-42A3-9474-1A3956D46DE8}") = "Unit Testing Demos", "Unit Testing Demos", "{7056A2F2-52A9-4002-A91A-79D4C8A7BC97}"
EndProject
Project("{FAE04EC0-301F-11D3-BF4B-00C04F79EFBC}") = "SimpleCalculator.Business", "SimpleCalculator.Business\SimpleCalculator.Business.csproj", "{5CFEE203-6B7D-43D0-81E5-E6B4483F1D93}"
EndProject
Project("{FAE04EC0-301F-11D3-BF4B-00C04F79EFBC}") = "SimpleCalculator.Business.UnitTest", "SimpleCalculator.Business.UnitTest\SimpleCalculator.Business.UnitTest.csproj", "{F2BAC884-D42F-41BD-AD6D-CDADAE44D96A}"
EndProject
Project("{2150E333-8FDC-42A3-9474-1A3956D46DE8}") = "Unit Testing Lab1", "Unit Testing Lab1", "{FD640F8B-3161-4585-96E9-420404DC4C93}"
EndProject
Project("{FAE04EC0-301F-11D3-BF4B-00C04F79EFBC}") = "BankApp.Business", "BankApp.Business\BankApp.Business.csproj", "{D9BE80EA-22DA-4B43-9060-1641AEAB7361}"
EndProject
Project("{FAE04EC0-301F-11D3-BF4B-00C04F79EFBC}") = "BankApp.Business.UnitTest", "BankApp.Business.UnitTest\BankApp.Business.UnitTest.csproj", "{241DEAD4-0BF6-478C-B5CB-693476799737}"
EndProject
Project("{2150E333-8FDC-42A3-9474-1A3956D46DE8}") = "DesignPatterns Demos", "DesignPatterns Demos", "{3B043A27-4552-4CF5-8727-66B016320853}"
EndProject
Project("{FAE04EC0-301F-11D3-BF4B-00C04F79EFBC}") = "POSSystem", "POSSystem\POSSystem.csproj", "{87FE6A67-463A-4371-AAD2-364539583725}"
EndProject
Project("{2150E333-8FDC-42A3-9474-1A3956D46DE8}") = "Database Programming ADO", "Database Programming ADO", "{1B308AD7-F06F-4C14-89C9-C534513235B7}"
EndProject
Project("{FAE04EC0-301F-11D3-BF4B-00C04F79EFBC}") = "StudentsManagement.ConsoleApp", "StudentsManagement.ConsoleApp\StudentsManagement.ConsoleApp.csproj", "{2C998A7F-E4FE-44B8-9C73-6F4838108BEB}"
EndProject
Project("{2150E333-8FDC-42A3-9474-1A3956D46DE8}") = "MovieApp_ADO.NET", "MovieApp_ADO.NET", "{5D718701-9E1B-4E45-9F7D-1C44E897D46A}"
EndProject
Project("{2150E333-8FDC-42A3-9474-1A3956D46DE8}") = "UI", "UI", "{B677D0EF-72A0-4959-B122-93CCEA9DC6AF}"
EndProject
Project("{FAE04EC0-301F-11D3-BF4B-00C04F79EFBC}") = "MovieApp.ConsoleApp", "MovieApp.ConsoleApp\MovieApp.ConsoleApp.csproj", "{F5601E4D-D01B-4255-970B-0A7132D84181}"
EndProject
Project("{2150E333-8FDC-42A3-9474-1A3956D46DE8}") = "Common", "Common", "{49D3131E-FE0A-4A2D-8EAE-005215695D40}"
EndProject
Project("{FAE04EC0-301F-11D3-BF4B-00C04F79EFBC}") = "MovieApp.Common", "MovieApp.Common\MovieApp.Common.csproj", "{CA9A76D0-E1B6-4036-A2D8-920A0293D3F7}"
EndProject
Project("{FAE04EC0-301F-11D3-BF4B-00C04F79EFBC}") = "MovieApp.DataLayer", "MovieApp.DataLayer\MovieApp.DataLayer.csproj", "{7C4346F8-8C53-48AE-935D-859E998A0DC4}"
EndProject
Project("{2150E333-8FDC-42A3-9474-1A3956D46DE8}") = "DataLayer", "DataLayer", "{C269F277-BC9C-48E6-A963-A7B4BCF32270}"
EndProject
Project("{2150E333-8FDC-42A3-9474-1A3956D46DE8}") = "Linq Labs", "Linq Labs", "{17105D69-00EF-4DC0-8B15-222DF20E13CD}"
EndProject
Project("{FAE04EC0-301F-11D3-BF4B-00C04F79EFBC}") = "LinqToObjects", "LinqToObjects\LinqToObjects.csproj", "{550CB400-BDE9-4004-8607-E7B5E31D458D}"
EndProject
Project("{FAE04EC0-301F-11D3-BF4B-00C04F79EFBC}") = "LinqToXml", "LinqToXml\LinqToXml.csproj", "{1B04B1F3-0EF0-47C3-987D-F57DBC85155D}"
EndProject
Project("{2150E333-8FDC-42A3-9474-1A3956D46DE8}") = "ProductsCatalogApp", "ProductsCatalogApp", "{665609A5-C999-4B6F-8544-49075C311F22}"
EndProject
Project("{FAE04EC0-301F-11D3-BF4B-00C04F79EFBC}") = "ProductCatalogApp", "ProductCatalogApp\ProductCatalogApp.csproj", "{18FB428E-12C9-4220-B447-6BA497ABD93E}"
EndProject
Project("{2150E333-8FDC-42A3-9474-1A3956D46DE8}") = "Console", "Console", "{9454ECA6-AE13-4127-A414-D78B5D907059}"
EndProject
Project("{2150E333-8FDC-42A3-9474-1A3956D46DE8}") = "Entities", "Entities", "{C361450C-510C-4C7F-A5F4-320033EDB364}"
EndProject
Project("{FAE04EC0-301F-11D3-BF4B-00C04F79EFBC}") = "ProductCatalog.Entities", "ProductCatalog.Entities\ProductCatalog.Entities.csproj", "{D4A51992-D769-4709-AA78-4BDEF858B6E9}"
EndProject
Project("{2150E333-8FDC-42A3-9474-1A3956D46DE8}") = "DataAccess", "DataAccess", "{8B722E33-3E3F-40EC-ACD3-89C9178BD693}"
EndProject
Project("{FAE04EC0-301F-11D3-BF4B-00C04F79EFBC}") = "ProductCatalog.DataAccess", "ProductCatalog.DataAccess\ProductCatalog.DataAccess.csproj", "{DA2082EB-AAB4-47F8-8FA2-88C801B7F564}"
EndProject
Global
	GlobalSection(SolutionConfigurationPlatforms) = preSolution
		Debug|Any CPU = Debug|Any CPU
		Release|Any CPU = Release|Any CPU
	EndGlobalSection
	GlobalSection(ProjectConfigurationPlatforms) = postSolution
		{DEF343CF-B34A-41F2-8B8F-62C8E90C0A78}.Debug|Any CPU.ActiveCfg = Debug|Any CPU
		{DEF343CF-B34A-41F2-8B8F-62C8E90C0A78}.Debug|Any CPU.Build.0 = Debug|Any CPU
		{DEF343CF-B34A-41F2-8B8F-62C8E90C0A78}.Release|Any CPU.ActiveCfg = Release|Any CPU
		{DEF343CF-B34A-41F2-8B8F-62C8E90C0A78}.Release|Any CPU.Build.0 = Release|Any CPU
		{814C9CB7-1D7C-47DE-A368-2822A8630BE8}.Debug|Any CPU.ActiveCfg = Debug|Any CPU
		{814C9CB7-1D7C-47DE-A368-2822A8630BE8}.Debug|Any CPU.Build.0 = Debug|Any CPU
		{814C9CB7-1D7C-47DE-A368-2822A8630BE8}.Release|Any CPU.ActiveCfg = Release|Any CPU
		{814C9CB7-1D7C-47DE-A368-2822A8630BE8}.Release|Any CPU.Build.0 = Release|Any CPU
		{5C0C3639-D9F9-4499-8D36-A59D2D8F0FC6}.Debug|Any CPU.ActiveCfg = Debug|Any CPU
		{5C0C3639-D9F9-4499-8D36-A59D2D8F0FC6}.Debug|Any CPU.Build.0 = Debug|Any CPU
		{5C0C3639-D9F9-4499-8D36-A59D2D8F0FC6}.Release|Any CPU.ActiveCfg = Release|Any CPU
		{5C0C3639-D9F9-4499-8D36-A59D2D8F0FC6}.Release|Any CPU.Build.0 = Release|Any CPU
		{9757FD2D-5C9E-4DA6-96D1-A80A052AE9BE}.Debug|Any CPU.ActiveCfg = Debug|Any CPU
		{9757FD2D-5C9E-4DA6-96D1-A80A052AE9BE}.Debug|Any CPU.Build.0 = Debug|Any CPU
		{9757FD2D-5C9E-4DA6-96D1-A80A052AE9BE}.Release|Any CPU.ActiveCfg = Release|Any CPU
		{9757FD2D-5C9E-4DA6-96D1-A80A052AE9BE}.Release|Any CPU.Build.0 = Release|Any CPU
		{9CDF666E-A047-470C-9BA1-8C35DDE772A5}.Debug|Any CPU.ActiveCfg = Debug|Any CPU
		{9CDF666E-A047-470C-9BA1-8C35DDE772A5}.Debug|Any CPU.Build.0 = Debug|Any CPU
		{9CDF666E-A047-470C-9BA1-8C35DDE772A5}.Release|Any CPU.ActiveCfg = Release|Any CPU
		{9CDF666E-A047-470C-9BA1-8C35DDE772A5}.Release|Any CPU.Build.0 = Release|Any CPU
		{3AD7BB23-A055-4225-A72E-503EE805B80C}.Debug|Any CPU.ActiveCfg = Debug|Any CPU
		{3AD7BB23-A055-4225-A72E-503EE805B80C}.Debug|Any CPU.Build.0 = Debug|Any CPU
		{3AD7BB23-A055-4225-A72E-503EE805B80C}.Release|Any CPU.ActiveCfg = Release|Any CPU
		{3AD7BB23-A055-4225-A72E-503EE805B80C}.Release|Any CPU.Build.0 = Release|Any CPU
		{4854E879-03A6-455A-BC6F-AE78A7408A5B}.Debug|Any CPU.ActiveCfg = Debug|Any CPU
		{4854E879-03A6-455A-BC6F-AE78A7408A5B}.Debug|Any CPU.Build.0 = Debug|Any CPU
		{4854E879-03A6-455A-BC6F-AE78A7408A5B}.Release|Any CPU.ActiveCfg = Release|Any CPU
		{4854E879-03A6-455A-BC6F-AE78A7408A5B}.Release|Any CPU.Build.0 = Release|Any CPU
		{9867AC8D-0DA5-4857-9186-92EDF323BA06}.Debug|Any CPU.ActiveCfg = Debug|Any CPU
		{9867AC8D-0DA5-4857-9186-92EDF323BA06}.Debug|Any CPU.Build.0 = Debug|Any CPU
		{9867AC8D-0DA5-4857-9186-92EDF323BA06}.Release|Any CPU.ActiveCfg = Release|Any CPU
		{9867AC8D-0DA5-4857-9186-92EDF323BA06}.Release|Any CPU.Build.0 = Release|Any CPU
		{C540B15B-11F5-423D-9C71-1969D0E0CE13}.Debug|Any CPU.ActiveCfg = Debug|Any CPU
		{C540B15B-11F5-423D-9C71-1969D0E0CE13}.Debug|Any CPU.Build.0 = Debug|Any CPU
		{C540B15B-11F5-423D-9C71-1969D0E0CE13}.Release|Any CPU.ActiveCfg = Release|Any CPU
		{C540B15B-11F5-423D-9C71-1969D0E0CE13}.Release|Any CPU.Build.0 = Release|Any CPU
		{CEE2DFB4-3278-46B7-BDEE-60DA6255A425}.Debug|Any CPU.ActiveCfg = Debug|Any CPU
		{CEE2DFB4-3278-46B7-BDEE-60DA6255A425}.Debug|Any CPU.Build.0 = Debug|Any CPU
		{CEE2DFB4-3278-46B7-BDEE-60DA6255A425}.Release|Any CPU.ActiveCfg = Release|Any CPU
		{CEE2DFB4-3278-46B7-BDEE-60DA6255A425}.Release|Any CPU.Build.0 = Release|Any CPU
		{386DF38E-A262-4C69-96EA-5753BADA16EF}.Debug|Any CPU.ActiveCfg = Debug|Any CPU
		{386DF38E-A262-4C69-96EA-5753BADA16EF}.Debug|Any CPU.Build.0 = Debug|Any CPU
		{386DF38E-A262-4C69-96EA-5753BADA16EF}.Release|Any CPU.ActiveCfg = Release|Any CPU
		{386DF38E-A262-4C69-96EA-5753BADA16EF}.Release|Any CPU.Build.0 = Release|Any CPU
		{4906FED6-284F-4445-88CE-17957E10B43C}.Debug|Any CPU.ActiveCfg = Debug|Any CPU
		{4906FED6-284F-4445-88CE-17957E10B43C}.Debug|Any CPU.Build.0 = Debug|Any CPU
		{4906FED6-284F-4445-88CE-17957E10B43C}.Release|Any CPU.ActiveCfg = Release|Any CPU
		{4906FED6-284F-4445-88CE-17957E10B43C}.Release|Any CPU.Build.0 = Release|Any CPU
		{57FE5DEA-61EE-466A-A67C-EC3CCD463B98}.Debug|Any CPU.ActiveCfg = Debug|Any CPU
		{57FE5DEA-61EE-466A-A67C-EC3CCD463B98}.Debug|Any CPU.Build.0 = Debug|Any CPU
		{57FE5DEA-61EE-466A-A67C-EC3CCD463B98}.Release|Any CPU.ActiveCfg = Release|Any CPU
		{57FE5DEA-61EE-466A-A67C-EC3CCD463B98}.Release|Any CPU.Build.0 = Release|Any CPU
		{9776DC50-8415-413F-A44A-D9496DC3B00A}.Debug|Any CPU.ActiveCfg = Debug|Any CPU
		{9776DC50-8415-413F-A44A-D9496DC3B00A}.Debug|Any CPU.Build.0 = Debug|Any CPU
		{9776DC50-8415-413F-A44A-D9496DC3B00A}.Release|Any CPU.ActiveCfg = Release|Any CPU
		{9776DC50-8415-413F-A44A-D9496DC3B00A}.Release|Any CPU.Build.0 = Release|Any CPU
		{548A2FF4-B190-4A94-BC66-0927D527E44F}.Debug|Any CPU.ActiveCfg = Debug|Any CPU
		{548A2FF4-B190-4A94-BC66-0927D527E44F}.Debug|Any CPU.Build.0 = Debug|Any CPU
		{548A2FF4-B190-4A94-BC66-0927D527E44F}.Release|Any CPU.ActiveCfg = Release|Any CPU
		{548A2FF4-B190-4A94-BC66-0927D527E44F}.Release|Any CPU.Build.0 = Release|Any CPU
		{87CE1A77-1D1F-4BB7-AE49-CDFF6624EF13}.Debug|Any CPU.ActiveCfg = Debug|Any CPU
		{87CE1A77-1D1F-4BB7-AE49-CDFF6624EF13}.Debug|Any CPU.Build.0 = Debug|Any CPU
		{87CE1A77-1D1F-4BB7-AE49-CDFF6624EF13}.Release|Any CPU.ActiveCfg = Release|Any CPU
		{87CE1A77-1D1F-4BB7-AE49-CDFF6624EF13}.Release|Any CPU.Build.0 = Release|Any CPU
		{7DE19ED6-006A-47BA-A04F-9CE971CA23E0}.Debug|Any CPU.ActiveCfg = Debug|Any CPU
		{7DE19ED6-006A-47BA-A04F-9CE971CA23E0}.Debug|Any CPU.Build.0 = Debug|Any CPU
		{7DE19ED6-006A-47BA-A04F-9CE971CA23E0}.Release|Any CPU.ActiveCfg = Release|Any CPU
		{7DE19ED6-006A-47BA-A04F-9CE971CA23E0}.Release|Any CPU.Build.0 = Release|Any CPU
		{F4CB6AB5-64FF-41C6-BF50-FA1C3507D302}.Debug|Any CPU.ActiveCfg = Debug|Any CPU
		{F4CB6AB5-64FF-41C6-BF50-FA1C3507D302}.Debug|Any CPU.Build.0 = Debug|Any CPU
		{F4CB6AB5-64FF-41C6-BF50-FA1C3507D302}.Release|Any CPU.ActiveCfg = Release|Any CPU
		{F4CB6AB5-64FF-41C6-BF50-FA1C3507D302}.Release|Any CPU.Build.0 = Release|Any CPU
		{9C6B6F62-9DC1-43B6-800A-0B7719DC2859}.Debug|Any CPU.ActiveCfg = Debug|Any CPU
		{9C6B6F62-9DC1-43B6-800A-0B7719DC2859}.Debug|Any CPU.Build.0 = Debug|Any CPU
		{9C6B6F62-9DC1-43B6-800A-0B7719DC2859}.Release|Any CPU.ActiveCfg = Release|Any CPU
		{9C6B6F62-9DC1-43B6-800A-0B7719DC2859}.Release|Any CPU.Build.0 = Release|Any CPU
		{82B27129-4484-4F4F-99C2-61E29C2E00C7}.Debug|Any CPU.ActiveCfg = Debug|Any CPU
		{82B27129-4484-4F4F-99C2-61E29C2E00C7}.Debug|Any CPU.Build.0 = Debug|Any CPU
		{82B27129-4484-4F4F-99C2-61E29C2E00C7}.Release|Any CPU.ActiveCfg = Release|Any CPU
		{82B27129-4484-4F4F-99C2-61E29C2E00C7}.Release|Any CPU.Build.0 = Release|Any CPU
		{707E3C9D-3352-4737-B902-43F0E3C76BFD}.Debug|Any CPU.ActiveCfg = Debug|Any CPU
		{707E3C9D-3352-4737-B902-43F0E3C76BFD}.Debug|Any CPU.Build.0 = Debug|Any CPU
		{707E3C9D-3352-4737-B902-43F0E3C76BFD}.Release|Any CPU.ActiveCfg = Release|Any CPU
		{707E3C9D-3352-4737-B902-43F0E3C76BFD}.Release|Any CPU.Build.0 = Release|Any CPU
		{1DF35975-FAC4-49E2-B97D-1C3880265222}.Debug|Any CPU.ActiveCfg = Debug|Any CPU
		{1DF35975-FAC4-49E2-B97D-1C3880265222}.Debug|Any CPU.Build.0 = Debug|Any CPU
		{1DF35975-FAC4-49E2-B97D-1C3880265222}.Release|Any CPU.ActiveCfg = Release|Any CPU
		{1DF35975-FAC4-49E2-B97D-1C3880265222}.Release|Any CPU.Build.0 = Release|Any CPU
		{4D746BFC-09E6-4135-9DE2-F263998AF7F1}.Debug|Any CPU.ActiveCfg = Debug|Any CPU
		{4D746BFC-09E6-4135-9DE2-F263998AF7F1}.Debug|Any CPU.Build.0 = Debug|Any CPU
		{4D746BFC-09E6-4135-9DE2-F263998AF7F1}.Release|Any CPU.ActiveCfg = Release|Any CPU
		{4D746BFC-09E6-4135-9DE2-F263998AF7F1}.Release|Any CPU.Build.0 = Release|Any CPU
		{375F541A-8B15-4C7A-A45B-52B9BE3C445E}.Debug|Any CPU.ActiveCfg = Debug|Any CPU
		{375F541A-8B15-4C7A-A45B-52B9BE3C445E}.Debug|Any CPU.Build.0 = Debug|Any CPU
		{375F541A-8B15-4C7A-A45B-52B9BE3C445E}.Release|Any CPU.ActiveCfg = Release|Any CPU
		{375F541A-8B15-4C7A-A45B-52B9BE3C445E}.Release|Any CPU.Build.0 = Release|Any CPU
		{BD4D1409-75AE-4A1C-9F7B-98AEE6F94818}.Debug|Any CPU.ActiveCfg = Debug|Any CPU
		{BD4D1409-75AE-4A1C-9F7B-98AEE6F94818}.Debug|Any CPU.Build.0 = Debug|Any CPU
		{BD4D1409-75AE-4A1C-9F7B-98AEE6F94818}.Release|Any CPU.ActiveCfg = Release|Any CPU
		{BD4D1409-75AE-4A1C-9F7B-98AEE6F94818}.Release|Any CPU.Build.0 = Release|Any CPU
		{AADD0421-FF06-4E1D-BB1B-6C837C247258}.Debug|Any CPU.ActiveCfg = Debug|Any CPU
		{AADD0421-FF06-4E1D-BB1B-6C837C247258}.Debug|Any CPU.Build.0 = Debug|Any CPU
		{AADD0421-FF06-4E1D-BB1B-6C837C247258}.Release|Any CPU.ActiveCfg = Release|Any CPU
		{AADD0421-FF06-4E1D-BB1B-6C837C247258}.Release|Any CPU.Build.0 = Release|Any CPU
		{7219A1C6-8D89-4209-B525-4DBCC5E31A61}.Debug|Any CPU.ActiveCfg = Debug|Any CPU
		{7219A1C6-8D89-4209-B525-4DBCC5E31A61}.Debug|Any CPU.Build.0 = Debug|Any CPU
		{7219A1C6-8D89-4209-B525-4DBCC5E31A61}.Release|Any CPU.ActiveCfg = Release|Any CPU
		{7219A1C6-8D89-4209-B525-4DBCC5E31A61}.Release|Any CPU.Build.0 = Release|Any CPU
		{A70E544D-8F7C-4349-BAF2-CD88E4E7CA28}.Debug|Any CPU.ActiveCfg = Debug|Any CPU
		{A70E544D-8F7C-4349-BAF2-CD88E4E7CA28}.Debug|Any CPU.Build.0 = Debug|Any CPU
		{A70E544D-8F7C-4349-BAF2-CD88E4E7CA28}.Release|Any CPU.ActiveCfg = Release|Any CPU
		{A70E544D-8F7C-4349-BAF2-CD88E4E7CA28}.Release|Any CPU.Build.0 = Release|Any CPU
		{564AEAD8-6AF6-42A5-9EEB-5DF9F0B5B74A}.Debug|Any CPU.ActiveCfg = Debug|Any CPU
		{564AEAD8-6AF6-42A5-9EEB-5DF9F0B5B74A}.Debug|Any CPU.Build.0 = Debug|Any CPU
		{564AEAD8-6AF6-42A5-9EEB-5DF9F0B5B74A}.Release|Any CPU.ActiveCfg = Release|Any CPU
		{564AEAD8-6AF6-42A5-9EEB-5DF9F0B5B74A}.Release|Any CPU.Build.0 = Release|Any CPU
		{5DB65EBE-298D-4EAB-958A-954BD55F6038}.Debug|Any CPU.ActiveCfg = Debug|Any CPU
		{5DB65EBE-298D-4EAB-958A-954BD55F6038}.Debug|Any CPU.Build.0 = Debug|Any CPU
		{5DB65EBE-298D-4EAB-958A-954BD55F6038}.Release|Any CPU.ActiveCfg = Release|Any CPU
		{5DB65EBE-298D-4EAB-958A-954BD55F6038}.Release|Any CPU.Build.0 = Release|Any CPU
		{5CFEE203-6B7D-43D0-81E5-E6B4483F1D93}.Debug|Any CPU.ActiveCfg = Debug|Any CPU
		{5CFEE203-6B7D-43D0-81E5-E6B4483F1D93}.Debug|Any CPU.Build.0 = Debug|Any CPU
		{5CFEE203-6B7D-43D0-81E5-E6B4483F1D93}.Release|Any CPU.ActiveCfg = Release|Any CPU
		{5CFEE203-6B7D-43D0-81E5-E6B4483F1D93}.Release|Any CPU.Build.0 = Release|Any CPU
		{F2BAC884-D42F-41BD-AD6D-CDADAE44D96A}.Debug|Any CPU.ActiveCfg = Debug|Any CPU
		{F2BAC884-D42F-41BD-AD6D-CDADAE44D96A}.Debug|Any CPU.Build.0 = Debug|Any CPU
		{F2BAC884-D42F-41BD-AD6D-CDADAE44D96A}.Release|Any CPU.ActiveCfg = Release|Any CPU
		{F2BAC884-D42F-41BD-AD6D-CDADAE44D96A}.Release|Any CPU.Build.0 = Release|Any CPU
		{D9BE80EA-22DA-4B43-9060-1641AEAB7361}.Debug|Any CPU.ActiveCfg = Debug|Any CPU
		{D9BE80EA-22DA-4B43-9060-1641AEAB7361}.Debug|Any CPU.Build.0 = Debug|Any CPU
		{D9BE80EA-22DA-4B43-9060-1641AEAB7361}.Release|Any CPU.ActiveCfg = Release|Any CPU
		{D9BE80EA-22DA-4B43-9060-1641AEAB7361}.Release|Any CPU.Build.0 = Release|Any CPU
		{241DEAD4-0BF6-478C-B5CB-693476799737}.Debug|Any CPU.ActiveCfg = Debug|Any CPU
		{241DEAD4-0BF6-478C-B5CB-693476799737}.Debug|Any CPU.Build.0 = Debug|Any CPU
		{241DEAD4-0BF6-478C-B5CB-693476799737}.Release|Any CPU.ActiveCfg = Release|Any CPU
		{241DEAD4-0BF6-478C-B5CB-693476799737}.Release|Any CPU.Build.0 = Release|Any CPU
		{87FE6A67-463A-4371-AAD2-364539583725}.Debug|Any CPU.ActiveCfg = Debug|Any CPU
		{87FE6A67-463A-4371-AAD2-364539583725}.Debug|Any CPU.Build.0 = Debug|Any CPU
		{87FE6A67-463A-4371-AAD2-364539583725}.Release|Any CPU.ActiveCfg = Release|Any CPU
		{87FE6A67-463A-4371-AAD2-364539583725}.Release|Any CPU.Build.0 = Release|Any CPU
		{2C998A7F-E4FE-44B8-9C73-6F4838108BEB}.Debug|Any CPU.ActiveCfg = Debug|Any CPU
		{2C998A7F-E4FE-44B8-9C73-6F4838108BEB}.Debug|Any CPU.Build.0 = Debug|Any CPU
		{2C998A7F-E4FE-44B8-9C73-6F4838108BEB}.Release|Any CPU.ActiveCfg = Release|Any CPU
		{2C998A7F-E4FE-44B8-9C73-6F4838108BEB}.Release|Any CPU.Build.0 = Release|Any CPU
		{F5601E4D-D01B-4255-970B-0A7132D84181}.Debug|Any CPU.ActiveCfg = Debug|Any CPU
		{F5601E4D-D01B-4255-970B-0A7132D84181}.Debug|Any CPU.Build.0 = Debug|Any CPU
		{F5601E4D-D01B-4255-970B-0A7132D84181}.Release|Any CPU.ActiveCfg = Release|Any CPU
		{F5601E4D-D01B-4255-970B-0A7132D84181}.Release|Any CPU.Build.0 = Release|Any CPU
		{CA9A76D0-E1B6-4036-A2D8-920A0293D3F7}.Debug|Any CPU.ActiveCfg = Debug|Any CPU
		{CA9A76D0-E1B6-4036-A2D8-920A0293D3F7}.Debug|Any CPU.Build.0 = Debug|Any CPU
		{CA9A76D0-E1B6-4036-A2D8-920A0293D3F7}.Release|Any CPU.ActiveCfg = Release|Any CPU
		{CA9A76D0-E1B6-4036-A2D8-920A0293D3F7}.Release|Any CPU.Build.0 = Release|Any CPU
		{7C4346F8-8C53-48AE-935D-859E998A0DC4}.Debug|Any CPU.ActiveCfg = Debug|Any CPU
		{7C4346F8-8C53-48AE-935D-859E998A0DC4}.Debug|Any CPU.Build.0 = Debug|Any CPU
		{7C4346F8-8C53-48AE-935D-859E998A0DC4}.Release|Any CPU.ActiveCfg = Release|Any CPU
		{7C4346F8-8C53-48AE-935D-859E998A0DC4}.Release|Any CPU.Build.0 = Release|Any CPU
		{550CB400-BDE9-4004-8607-E7B5E31D458D}.Debug|Any CPU.ActiveCfg = Debug|Any CPU
		{550CB400-BDE9-4004-8607-E7B5E31D458D}.Debug|Any CPU.Build.0 = Debug|Any CPU
		{550CB400-BDE9-4004-8607-E7B5E31D458D}.Release|Any CPU.ActiveCfg = Release|Any CPU
		{550CB400-BDE9-4004-8607-E7B5E31D458D}.Release|Any CPU.Build.0 = Release|Any CPU
		{1B04B1F3-0EF0-47C3-987D-F57DBC85155D}.Debug|Any CPU.ActiveCfg = Debug|Any CPU
		{1B04B1F3-0EF0-47C3-987D-F57DBC85155D}.Debug|Any CPU.Build.0 = Debug|Any CPU
		{1B04B1F3-0EF0-47C3-987D-F57DBC85155D}.Release|Any CPU.ActiveCfg = Release|Any CPU
		{1B04B1F3-0EF0-47C3-987D-F57DBC85155D}.Release|Any CPU.Build.0 = Release|Any CPU
		{18FB428E-12C9-4220-B447-6BA497ABD93E}.Debug|Any CPU.ActiveCfg = Debug|Any CPU
		{18FB428E-12C9-4220-B447-6BA497ABD93E}.Debug|Any CPU.Build.0 = Debug|Any CPU
		{18FB428E-12C9-4220-B447-6BA497ABD93E}.Release|Any CPU.ActiveCfg = Release|Any CPU
		{18FB428E-12C9-4220-B447-6BA497ABD93E}.Release|Any CPU.Build.0 = Release|Any CPU
		{D4A51992-D769-4709-AA78-4BDEF858B6E9}.Debug|Any CPU.ActiveCfg = Debug|Any CPU
		{D4A51992-D769-4709-AA78-4BDEF858B6E9}.Debug|Any CPU.Build.0 = Debug|Any CPU
		{D4A51992-D769-4709-AA78-4BDEF858B6E9}.Release|Any CPU.ActiveCfg = Release|Any CPU
		{D4A51992-D769-4709-AA78-4BDEF858B6E9}.Release|Any CPU.Build.0 = Release|Any CPU
		{DA2082EB-AAB4-47F8-8FA2-88C801B7F564}.Debug|Any CPU.ActiveCfg = Debug|Any CPU
		{DA2082EB-AAB4-47F8-8FA2-88C801B7F564}.Debug|Any CPU.Build.0 = Debug|Any CPU
		{DA2082EB-AAB4-47F8-8FA2-88C801B7F564}.Release|Any CPU.ActiveCfg = Release|Any CPU
		{DA2082EB-AAB4-47F8-8FA2-88C801B7F564}.Release|Any CPU.Build.0 = Release|Any CPU
	EndGlobalSection
	GlobalSection(SolutionProperties) = preSolution
		HideSolutionNode = FALSE
	EndGlobalSection
	GlobalSection(NestedProjects) = preSolution
		{814C9CB7-1D7C-47DE-A368-2822A8630BE8} = {795722CD-03AC-4A48-BCCC-1D3FF2B46FB8}
		{5C0C3639-D9F9-4499-8D36-A59D2D8F0FC6} = {83BE19A3-4613-451D-8A7D-213750EBF93B}
		{795722CD-03AC-4A48-BCCC-1D3FF2B46FB8} = {F7F80E05-D4BD-483D-AB9D-DBE060B505D8}
		{83BE19A3-4613-451D-8A7D-213750EBF93B} = {F7F80E05-D4BD-483D-AB9D-DBE060B505D8}
		{9757FD2D-5C9E-4DA6-96D1-A80A052AE9BE} = {795722CD-03AC-4A48-BCCC-1D3FF2B46FB8}
		{9776DC50-8415-413F-A44A-D9496DC3B00A} = {B2E15468-B2B7-434F-8484-84AE932E0100}
		{548A2FF4-B190-4A94-BC66-0927D527E44F} = {B2E15468-B2B7-434F-8484-84AE932E0100}
		{87CE1A77-1D1F-4BB7-AE49-CDFF6624EF13} = {B2E15468-B2B7-434F-8484-84AE932E0100}
		{7DE19ED6-006A-47BA-A04F-9CE971CA23E0} = {B370F81F-2040-423A-A293-C9151FADB33B}
		{29A62CD1-5F7A-47A5-995D-33A6FB316171} = {FD40B08F-9303-4830-95BE-4B2CF53BA0F0}
		{C7596ADD-1C02-492C-A200-42D3E62D6FF9} = {FD40B08F-9303-4830-95BE-4B2CF53BA0F0}
		{ECE746A6-785A-46BD-80E7-A25ABCF6F922} = {FD40B08F-9303-4830-95BE-4B2CF53BA0F0}
		{F4CB6AB5-64FF-41C6-BF50-FA1C3507D302} = {29A62CD1-5F7A-47A5-995D-33A6FB316171}
		{9C6B6F62-9DC1-43B6-800A-0B7719DC2859} = {C7596ADD-1C02-492C-A200-42D3E62D6FF9}
		{82B27129-4484-4F4F-99C2-61E29C2E00C7} = {ECE746A6-785A-46BD-80E7-A25ABCF6F922}
		{707E3C9D-3352-4737-B902-43F0E3C76BFD} = {B2E15468-B2B7-434F-8484-84AE932E0100}
		{1DF35975-FAC4-49E2-B97D-1C3880265222} = {B2E15468-B2B7-434F-8484-84AE932E0100}
		{4D746BFC-09E6-4135-9DE2-F263998AF7F1} = {B370F81F-2040-423A-A293-C9151FADB33B}
		{375F541A-8B15-4C7A-A45B-52B9BE3C445E} = {FC172C37-6A69-4760-90D5-83D8F42B2271}
		{BD4D1409-75AE-4A1C-9F7B-98AEE6F94818} = {FC172C37-6A69-4760-90D5-83D8F42B2271}
		{AADD0421-FF06-4E1D-BB1B-6C837C247258} = {FC172C37-6A69-4760-90D5-83D8F42B2271}
		{7219A1C6-8D89-4209-B525-4DBCC5E31A61} = {FC172C37-6A69-4760-90D5-83D8F42B2271}
		{A70E544D-8F7C-4349-BAF2-CD88E4E7CA28} = {FC172C37-6A69-4760-90D5-83D8F42B2271}
		{564AEAD8-6AF6-42A5-9EEB-5DF9F0B5B74A} = {FC172C37-6A69-4760-90D5-83D8F42B2271}
		{5DB65EBE-298D-4EAB-958A-954BD55F6038} = {FC172C37-6A69-4760-90D5-83D8F42B2271}
		{5CFEE203-6B7D-43D0-81E5-E6B4483F1D93} = {7056A2F2-52A9-4002-A91A-79D4C8A7BC97}
		{F2BAC884-D42F-41BD-AD6D-CDADAE44D96A} = {7056A2F2-52A9-4002-A91A-79D4C8A7BC97}
		{D9BE80EA-22DA-4B43-9060-1641AEAB7361} = {FD640F8B-3161-4585-96E9-420404DC4C93}
		{241DEAD4-0BF6-478C-B5CB-693476799737} = {FD640F8B-3161-4585-96E9-420404DC4C93}
		{87FE6A67-463A-4371-AAD2-364539583725} = {3B043A27-4552-4CF5-8727-66B016320853}
		{2C998A7F-E4FE-44B8-9C73-6F4838108BEB} = {1B308AD7-F06F-4C14-89C9-C534513235B7}
		{B677D0EF-72A0-4959-B122-93CCEA9DC6AF} = {5D718701-9E1B-4E45-9F7D-1C44E897D46A}
		{F5601E4D-D01B-4255-970B-0A7132D84181} = {B677D0EF-72A0-4959-B122-93CCEA9DC6AF}
		{49D3131E-FE0A-4A2D-8EAE-005215695D40} = {5D718701-9E1B-4E45-9F7D-1C44E897D46A}
		{CA9A76D0-E1B6-4036-A2D8-920A0293D3F7} = {49D3131E-FE0A-4A2D-8EAE-005215695D40}
		{7C4346F8-8C53-48AE-935D-859E998A0DC4} = {C269F277-BC9C-48E6-A963-A7B4BCF32270}
		{C269F277-BC9C-48E6-A963-A7B4BCF32270} = {5D718701-9E1B-4E45-9F7D-1C44E897D46A}
		{550CB400-BDE9-4004-8607-E7B5E31D458D} = {17105D69-00EF-4DC0-8B15-222DF20E13CD}
		{1B04B1F3-0EF0-47C3-987D-F57DBC85155D} = {17105D69-00EF-4DC0-8B15-222DF20E13CD}
		{18FB428E-12C9-4220-B447-6BA497ABD93E} = {9454ECA6-AE13-4127-A414-D78B5D907059}
		{9454ECA6-AE13-4127-A414-D78B5D907059} = {665609A5-C999-4B6F-8544-49075C311F22}
		{C361450C-510C-4C7F-A5F4-320033EDB364} = {665609A5-C999-4B6F-8544-49075C311F22}
		{D4A51992-D769-4709-AA78-4BDEF858B6E9} = {C361450C-510C-4C7F-A5F4-320033EDB364}
		{8B722E33-3E3F-40EC-ACD3-89C9178BD693} = {665609A5-C999-4B6F-8544-49075C311F22}
		{DA2082EB-AAB4-47F8-8FA2-88C801B7F564} = {8B722E33-3E3F-40EC-ACD3-89C9178BD693}
	EndGlobalSection
	GlobalSection(ExtensibilityGlobals) = postSolution
		SolutionGuid = {A974DDAE-D9F5-4B45-B7B6-C5F5AEAB047F}
	EndGlobalSection
EndGlobal
