
Microsoft Visual Studio Solution File, Format Version 12.00
# Visual Studio Version 17
VisualStudioVersion = 17.9.34607.119
MinimumVisualStudioVersion = 10.0.40219.1
Project("{FAE04EC0-301F-11D3-BF4B-00C04F79EFBC}") = "FirstConsoleApp", "FirstConsoleApp\FirstConsoleApp.csproj", "{DEF343CF-B34A-41F2-8B8F-62C8E90C0A78}"
EndProject
Project("{FAE04EC0-301F-11D3-BF4B-00C04F79EFBC}") = "SimpleCalculator", "SimpleCalculator\SimpleCalculator.csproj", "{814C9CB7-1D7C-47DE-A368-2822A8630BE8}"
EndProject
Project("{FAE04EC0-301F-11D3-BF4B-00C04F79EFBC}") = "ComputeLibrary", "ComputeLibrary\ComputeLibrary.csproj", "{5C0C3639-D9F9-4499-8D36-A59D2D8F0FC6}"
EndProject
Project("{2150E333-8FDC-42A3-9474-1A3956D46DE8}") = "My Simple Calculator", "My Simple Calculator", "{F7F80E05-D4BD-483D-AB9D-DBE060B505D8}"
EndProject
Project("{2150E333-8FDC-42A3-9474-1A3956D46DE8}") = "Presentation Layer", "Presentation Layer", "{795722CD-03AC-4A48-BCCC-1D3FF2B46FB8}"
EndProject
Project("{2150E333-8FDC-42A3-9474-1A3956D46DE8}") = "Business Layer", "Business Layer", "{83BE19A3-4613-451D-8A7D-213750EBF93B}"
EndProject
Project("{FAE04EC0-301F-11D3-BF4B-00C04F79EFBC}") = "CalculatorUI", "CalculatorUI\CalculatorUI.csproj", "{9757FD2D-5C9E-4DA6-96D1-A80A052AE9BE}"
EndProject
Project("{FAE04EC0-301F-11D3-BF4B-00C04F79EFBC}") = "OODemo", "DataTypesDemo\OODemo.csproj", "{9CDF666E-A047-470C-9BA1-8C35DDE772A5}"
EndProject
Project("{FAE04EC0-301F-11D3-BF4B-00C04F79EFBC}") = "TrainerTraineeApp", "TrainerTraineeApp\TrainerTraineeApp.csproj", "{3AD7BB23-A055-4225-A72E-503EE805B80C}"
EndProject
Project("{FAE04EC0-301F-11D3-BF4B-00C04F79EFBC}") = "CompanyOrders", "CompanyOrders\CompanyOrders.csproj", "{4854E879-03A6-455A-BC6F-AE78A7408A5B}"
EndProject
Project("{FAE04EC0-301F-11D3-BF4B-00C04F79EFBC}") = "SkillAssureTraining", "SkillAssureTrainingModel\SkillAssureTraining.csproj", "{9867AC8D-0DA5-4857-9186-92EDF323BA06}"
EndProject
Project("{FAE04EC0-301F-11D3-BF4B-00C04F79EFBC}") = "IdeLab", "IdeLab\IdeLab.csproj", "{C540B15B-11F5-423D-9C71-1969D0E0CE13}"
EndProject
Project("{FAE04EC0-301F-11D3-BF4B-00C04F79EFBC}") = "OOPCompanyLab", "OOPCompanyLab\OOPCompanyLab.csproj", "{CEE2DFB4-3278-46B7-BDEE-60DA6255A425}"
EndProject
Project("{FAE04EC0-301F-11D3-BF4B-00C04F79EFBC}") = "HospitalOOPLab", "HospitalOOPLab\HospitalOOPLab.csproj", "{386DF38E-A262-4C69-96EA-5753BADA16EF}"
EndProject
Project("{FAE04EC0-301F-11D3-BF4B-00C04F79EFBC}") = "OutstandingPersonOOPLab", "OutstandingPersonOOPLab\OutstandingPersonOOPLab.csproj", "{4906FED6-284F-4445-88CE-17957E10B43C}"
EndProject
Project("{FAE04EC0-301F-11D3-BF4B-00C04F79EFBC}") = "ExceptionsLab1", "ExceptionsLab1\ExceptionsLab1.csproj", "{57FE5DEA-61EE-466A-A67C-EC3CCD463B98}"
EndProject
Project("{FAE04EC0-301F-11D3-BF4B-00C04F79EFBC}") = "DelegatesDemo", "DelegatesDemo\DelegatesDemo.csproj", "{9776DC50-8415-413F-A44A-D9496DC3B00A}"
EndProject
Project("{2150E333-8FDC-42A3-9474-1A3956D46DE8}") = "Delegates", "Delegates", "{B2E15468-B2B7-434F-8484-84AE932E0100}"
EndProject
Project("{FAE04EC0-301F-11D3-BF4B-00C04F79EFBC}") = "DelegatesDemo2", "DelegatesDemo2\DelegatesDemo2.csproj", "{548A2FF4-B190-4A94-BC66-0927D527E44F}"
EndProject
Project("{FAE04EC0-301F-11D3-BF4B-00C04F79EFBC}") = "DelegatesDemo3", "DelegatesDemo3\DelegatesDemo3.csproj", "{87CE1A77-1D1F-4BB7-AE49-CDFF6624EF13}"
EndProject
Project("{2150E333-8FDC-42A3-9474-1A3956D46DE8}") = "File IO Demos", "File IO Demos", "{B370F81F-2040-423A-A293-C9151FADB33B}"
EndProject
Project("{FAE04EC0-301F-11D3-BF4B-00C04F79EFBC}") = "FileIODemo1", "FileIODemo1\FileIODemo1.csproj", "{7DE19ED6-006A-47BA-A04F-9CE971CA23E0}"
EndProject
Project("{2150E333-8FDC-42A3-9474-1A3956D46DE8}") = "Contacts Manager", "Contacts Manager", "{FD40B08F-9303-4830-95BE-4B2CF53BA0F0}"
EndProject
Project("{2150E333-8FDC-42A3-9474-1A3956D46DE8}") = "Presentation Layer", "Presentation Layer", "{29A62CD1-5F7A-47A5-995D-33A6FB316171}"
EndProject
Project("{2150E333-8FDC-42A3-9474-1A3956D46DE8}") = "Data Layer", "Data Layer", "{C7596ADD-1C02-492C-A200-42D3E62D6FF9}"
EndProject
Project("{2150E333-8FDC-42A3-9474-1A3956D46DE8}") = "Common Layer", "Common Layer", "{ECE746A6-785A-46BD-80E7-A25ABCF6F922}"
EndProject
Project("{FAE04EC0-301F-11D3-BF4B-00C04F79EFBC}") = "ContactManager.ConsoleApp", "ContactManager.ConsoleApp\ContactManager.ConsoleApp.csproj", "{F4CB6AB5-64FF-41C6-BF50-FA1C3507D302}"
EndProject
Project("{FAE04EC0-301F-11D3-BF4B-00C04F79EFBC}") = "ContactManager.Data", "ContactManager.Data\ContactManager.Data.csproj", "{9C6B6F62-9DC1-43B6-800A-0B7719DC2859}"
EndProject
Project("{FAE04EC0-301F-11D3-BF4B-00C04F79EFBC}") = "ContactManager.Common", "ContactManager.Common\ContactManager.Common.csproj", "{82B27129-4484-4F4F-99C2-61E29C2E00C7}"
EndProject
Global
	GlobalSection(SolutionConfigurationPlatforms) = preSolution
		Debug|Any CPU = Debug|Any CPU
		Release|Any CPU = Release|Any CPU
	EndGlobalSection
	GlobalSection(ProjectConfigurationPlatforms) = postSolution
		{DEF343CF-B34A-41F2-8B8F-62C8E90C0A78}.Debug|Any CPU.ActiveCfg = Debug|Any CPU
		{DEF343CF-B34A-41F2-8B8F-62C8E90C0A78}.Debug|Any CPU.Build.0 = Debug|Any CPU
		{DEF343CF-B34A-41F2-8B8F-62C8E90C0A78}.Release|Any CPU.ActiveCfg = Release|Any CPU
		{DEF343CF-B34A-41F2-8B8F-62C8E90C0A78}.Release|Any CPU.Build.0 = Release|Any CPU
		{814C9CB7-1D7C-47DE-A368-2822A8630BE8}.Debug|Any CPU.ActiveCfg = Debug|Any CPU
		{814C9CB7-1D7C-47DE-A368-2822A8630BE8}.Debug|Any CPU.Build.0 = Debug|Any CPU
		{814C9CB7-1D7C-47DE-A368-2822A8630BE8}.Release|Any CPU.ActiveCfg = Release|Any CPU
		{814C9CB7-1D7C-47DE-A368-2822A8630BE8}.Release|Any CPU.Build.0 = Release|Any CPU
		{5C0C3639-D9F9-4499-8D36-A59D2D8F0FC6}.Debug|Any CPU.ActiveCfg = Debug|Any CPU
		{5C0C3639-D9F9-4499-8D36-A59D2D8F0FC6}.Debug|Any CPU.Build.0 = Debug|Any CPU
		{5C0C3639-D9F9-4499-8D36-A59D2D8F0FC6}.Release|Any CPU.ActiveCfg = Release|Any CPU
		{5C0C3639-D9F9-4499-8D36-A59D2D8F0FC6}.Release|Any CPU.Build.0 = Release|Any CPU
		{9757FD2D-5C9E-4DA6-96D1-A80A052AE9BE}.Debug|Any CPU.ActiveCfg = Debug|Any CPU
		{9757FD2D-5C9E-4DA6-96D1-A80A052AE9BE}.Debug|Any CPU.Build.0 = Debug|Any CPU
		{9757FD2D-5C9E-4DA6-96D1-A80A052AE9BE}.Release|Any CPU.ActiveCfg = Release|Any CPU
		{9757FD2D-5C9E-4DA6-96D1-A80A052AE9BE}.Release|Any CPU.Build.0 = Release|Any CPU
		{9CDF666E-A047-470C-9BA1-8C35DDE772A5}.Debug|Any CPU.ActiveCfg = Debug|Any CPU
		{9CDF666E-A047-470C-9BA1-8C35DDE772A5}.Debug|Any CPU.Build.0 = Debug|Any CPU
		{9CDF666E-A047-470C-9BA1-8C35DDE772A5}.Release|Any CPU.ActiveCfg = Release|Any CPU
		{9CDF666E-A047-470C-9BA1-8C35DDE772A5}.Release|Any CPU.Build.0 = Release|Any CPU
		{3AD7BB23-A055-4225-A72E-503EE805B80C}.Debug|Any CPU.ActiveCfg = Debug|Any CPU
		{3AD7BB23-A055-4225-A72E-503EE805B80C}.Debug|Any CPU.Build.0 = Debug|Any CPU
		{3AD7BB23-A055-4225-A72E-503EE805B80C}.Release|Any CPU.ActiveCfg = Release|Any CPU
		{3AD7BB23-A055-4225-A72E-503EE805B80C}.Release|Any CPU.Build.0 = Release|Any CPU
		{4854E879-03A6-455A-BC6F-AE78A7408A5B}.Debug|Any CPU.ActiveCfg = Debug|Any CPU
		{4854E879-03A6-455A-BC6F-AE78A7408A5B}.Debug|Any CPU.Build.0 = Debug|Any CPU
		{4854E879-03A6-455A-BC6F-AE78A7408A5B}.Release|Any CPU.ActiveCfg = Release|Any CPU
		{4854E879-03A6-455A-BC6F-AE78A7408A5B}.Release|Any CPU.Build.0 = Release|Any CPU
		{9867AC8D-0DA5-4857-9186-92EDF323BA06}.Debug|Any CPU.ActiveCfg = Debug|Any CPU
		{9867AC8D-0DA5-4857-9186-92EDF323BA06}.Debug|Any CPU.Build.0 = Debug|Any CPU
		{9867AC8D-0DA5-4857-9186-92EDF323BA06}.Release|Any CPU.ActiveCfg = Release|Any CPU
		{9867AC8D-0DA5-4857-9186-92EDF323BA06}.Release|Any CPU.Build.0 = Release|Any CPU
		{C540B15B-11F5-423D-9C71-1969D0E0CE13}.Debug|Any CPU.ActiveCfg = Debug|Any CPU
		{C540B15B-11F5-423D-9C71-1969D0E0CE13}.Debug|Any CPU.Build.0 = Debug|Any CPU
		{C540B15B-11F5-423D-9C71-1969D0E0CE13}.Release|Any CPU.ActiveCfg = Release|Any CPU
		{C540B15B-11F5-423D-9C71-1969D0E0CE13}.Release|Any CPU.Build.0 = Release|Any CPU
		{CEE2DFB4-3278-46B7-BDEE-60DA6255A425}.Debug|Any CPU.ActiveCfg = Debug|Any CPU
		{CEE2DFB4-3278-46B7-BDEE-60DA6255A425}.Debug|Any CPU.Build.0 = Debug|Any CPU
		{CEE2DFB4-3278-46B7-BDEE-60DA6255A425}.Release|Any CPU.ActiveCfg = Release|Any CPU
		{CEE2DFB4-3278-46B7-BDEE-60DA6255A425}.Release|Any CPU.Build.0 = Release|Any CPU
		{386DF38E-A262-4C69-96EA-5753BADA16EF}.Debug|Any CPU.ActiveCfg = Debug|Any CPU
		{386DF38E-A262-4C69-96EA-5753BADA16EF}.Debug|Any CPU.Build.0 = Debug|Any CPU
		{386DF38E-A262-4C69-96EA-5753BADA16EF}.Release|Any CPU.ActiveCfg = Release|Any CPU
		{386DF38E-A262-4C69-96EA-5753BADA16EF}.Release|Any CPU.Build.0 = Release|Any CPU
		{4906FED6-284F-4445-88CE-17957E10B43C}.Debug|Any CPU.ActiveCfg = Debug|Any CPU
		{4906FED6-284F-4445-88CE-17957E10B43C}.Debug|Any CPU.Build.0 = Debug|Any CPU
		{4906FED6-284F-4445-88CE-17957E10B43C}.Release|Any CPU.ActiveCfg = Release|Any CPU
		{4906FED6-284F-4445-88CE-17957E10B43C}.Release|Any CPU.Build.0 = Release|Any CPU
		{57FE5DEA-61EE-466A-A67C-EC3CCD463B98}.Debug|Any CPU.ActiveCfg = Debug|Any CPU
		{57FE5DEA-61EE-466A-A67C-EC3CCD463B98}.Debug|Any CPU.Build.0 = Debug|Any CPU
		{57FE5DEA-61EE-466A-A67C-EC3CCD463B98}.Release|Any CPU.ActiveCfg = Release|Any CPU
		{57FE5DEA-61EE-466A-A67C-EC3CCD463B98}.Release|Any CPU.Build.0 = Release|Any CPU
		{9776DC50-8415-413F-A44A-D9496DC3B00A}.Debug|Any CPU.ActiveCfg = Debug|Any CPU
		{9776DC50-8415-413F-A44A-D9496DC3B00A}.Debug|Any CPU.Build.0 = Debug|Any CPU
		{9776DC50-8415-413F-A44A-D9496DC3B00A}.Release|Any CPU.ActiveCfg = Release|Any CPU
		{9776DC50-8415-413F-A44A-D9496DC3B00A}.Release|Any CPU.Build.0 = Release|Any CPU
		{548A2FF4-B190-4A94-BC66-0927D527E44F}.Debug|Any CPU.ActiveCfg = Debug|Any CPU
		{548A2FF4-B190-4A94-BC66-0927D527E44F}.Debug|Any CPU.Build.0 = Debug|Any CPU
		{548A2FF4-B190-4A94-BC66-0927D527E44F}.Release|Any CPU.ActiveCfg = Release|Any CPU
		{548A2FF4-B190-4A94-BC66-0927D527E44F}.Release|Any CPU.Build.0 = Release|Any CPU
		{87CE1A77-1D1F-4BB7-AE49-CDFF6624EF13}.Debug|Any CPU.ActiveCfg = Debug|Any CPU
		{87CE1A77-1D1F-4BB7-AE49-CDFF6624EF13}.Debug|Any CPU.Build.0 = Debug|Any CPU
		{87CE1A77-1D1F-4BB7-AE49-CDFF6624EF13}.Release|Any CPU.ActiveCfg = Release|Any CPU
		{87CE1A77-1D1F-4BB7-AE49-CDFF6624EF13}.Release|Any CPU.Build.0 = Release|Any CPU
		{7DE19ED6-006A-47BA-A04F-9CE971CA23E0}.Debug|Any CPU.ActiveCfg = Debug|Any CPU
		{7DE19ED6-006A-47BA-A04F-9CE971CA23E0}.Debug|Any CPU.Build.0 = Debug|Any CPU
		{7DE19ED6-006A-47BA-A04F-9CE971CA23E0}.Release|Any CPU.ActiveCfg = Release|Any CPU
		{7DE19ED6-006A-47BA-A04F-9CE971CA23E0}.Release|Any CPU.Build.0 = Release|Any CPU
		{F4CB6AB5-64FF-41C6-BF50-FA1C3507D302}.Debug|Any CPU.ActiveCfg = Debug|Any CPU
		{F4CB6AB5-64FF-41C6-BF50-FA1C3507D302}.Debug|Any CPU.Build.0 = Debug|Any CPU
		{F4CB6AB5-64FF-41C6-BF50-FA1C3507D302}.Release|Any CPU.ActiveCfg = Release|Any CPU
		{F4CB6AB5-64FF-41C6-BF50-FA1C3507D302}.Release|Any CPU.Build.0 = Release|Any CPU
		{9C6B6F62-9DC1-43B6-800A-0B7719DC2859}.Debug|Any CPU.ActiveCfg = Debug|Any CPU
		{9C6B6F62-9DC1-43B6-800A-0B7719DC2859}.Debug|Any CPU.Build.0 = Debug|Any CPU
		{9C6B6F62-9DC1-43B6-800A-0B7719DC2859}.Release|Any CPU.ActiveCfg = Release|Any CPU
		{9C6B6F62-9DC1-43B6-800A-0B7719DC2859}.Release|Any CPU.Build.0 = Release|Any CPU
		{82B27129-4484-4F4F-99C2-61E29C2E00C7}.Debug|Any CPU.ActiveCfg = Debug|Any CPU
		{82B27129-4484-4F4F-99C2-61E29C2E00C7}.Debug|Any CPU.Build.0 = Debug|Any CPU
		{82B27129-4484-4F4F-99C2-61E29C2E00C7}.Release|Any CPU.ActiveCfg = Release|Any CPU
		{82B27129-4484-4F4F-99C2-61E29C2E00C7}.Release|Any CPU.Build.0 = Release|Any CPU
	EndGlobalSection
	GlobalSection(SolutionProperties) = preSolution
		HideSolutionNode = FALSE
	EndGlobalSection
	GlobalSection(NestedProjects) = preSolution
		{814C9CB7-1D7C-47DE-A368-2822A8630BE8} = {795722CD-03AC-4A48-BCCC-1D3FF2B46FB8}
		{5C0C3639-D9F9-4499-8D36-A59D2D8F0FC6} = {83BE19A3-4613-451D-8A7D-213750EBF93B}
		{795722CD-03AC-4A48-BCCC-1D3FF2B46FB8} = {F7F80E05-D4BD-483D-AB9D-DBE060B505D8}
		{83BE19A3-4613-451D-8A7D-213750EBF93B} = {F7F80E05-D4BD-483D-AB9D-DBE060B505D8}
		{9757FD2D-5C9E-4DA6-96D1-A80A052AE9BE} = {795722CD-03AC-4A48-BCCC-1D3FF2B46FB8}
		{9776DC50-8415-413F-A44A-D9496DC3B00A} = {B2E15468-B2B7-434F-8484-84AE932E0100}
		{548A2FF4-B190-4A94-BC66-0927D527E44F} = {B2E15468-B2B7-434F-8484-84AE932E0100}
		{87CE1A77-1D1F-4BB7-AE49-CDFF6624EF13} = {B2E15468-B2B7-434F-8484-84AE932E0100}
		{7DE19ED6-006A-47BA-A04F-9CE971CA23E0} = {B370F81F-2040-423A-A293-C9151FADB33B}
		{29A62CD1-5F7A-47A5-995D-33A6FB316171} = {FD40B08F-9303-4830-95BE-4B2CF53BA0F0}
		{C7596ADD-1C02-492C-A200-42D3E62D6FF9} = {FD40B08F-9303-4830-95BE-4B2CF53BA0F0}
		{ECE746A6-785A-46BD-80E7-A25ABCF6F922} = {FD40B08F-9303-4830-95BE-4B2CF53BA0F0}
		{F4CB6AB5-64FF-41C6-BF50-FA1C3507D302} = {29A62CD1-5F7A-47A5-995D-33A6FB316171}
		{9C6B6F62-9DC1-43B6-800A-0B7719DC2859} = {C7596ADD-1C02-492C-A200-42D3E62D6FF9}
		{82B27129-4484-4F4F-99C2-61E29C2E00C7} = {ECE746A6-785A-46BD-80E7-A25ABCF6F922}
	EndGlobalSection
	GlobalSection(ExtensibilityGlobals) = postSolution
		SolutionGuid = {A974DDAE-D9F5-4B45-B7B6-C5F5AEAB047F}
	EndGlobalSection
EndGlobal
